
Microsoft Visual Studio Solution File, Format Version 12.00
# Visual Studio Version 17
VisualStudioVersion = 17.5.33502.453
MinimumVisualStudioVersion = 10.0.40219.1
Project("{9A19103F-16F7-4668-BE54-9A1E7A4F7556}") = "SplitBills", "SplitBills.csproj", "{EFB78A5E-9D11-4ECA-83C1-DD9D595F4472}"
EndProject
Project("{9A19103F-16F7-4668-BE54-9A1E7A4F7556}") = "DAL", "..\DAL\DAL.csproj", "{873970F3-D425-4074-816E-3E5F09F6E4D8}"
EndProject
Project("{9A19103F-16F7-4668-BE54-9A1E7A4F7556}") = "SharedLayer", "..\SharedLayer\SharedLayer.csproj", "{07295066-75E2-4E4D-9A57-7616903738B3}"
EndProject
Project("{9A19103F-16F7-4668-BE54-9A1E7A4F7556}") = "BusinessLayer", "..\BusinessLayer\BusinessLayer.csproj", "{D6773D7A-83AA-4671-B3A6-2DB37DB7AE08}"
EndProject
Global
	GlobalSection(SolutionConfigurationPlatforms) = preSolution
		Debug|Any CPU = Debug|Any CPU
		Release|Any CPU = Release|Any CPU
	EndGlobalSection
	GlobalSection(ProjectConfigurationPlatforms) = postSolution
		{EFB78A5E-9D11-4ECA-83C1-DD9D595F4472}.Debug|Any CPU.ActiveCfg = Debug|Any CPU
		{EFB78A5E-9D11-4ECA-83C1-DD9D595F4472}.Debug|Any CPU.Build.0 = Debug|Any CPU
		{EFB78A5E-9D11-4ECA-83C1-DD9D595F4472}.Release|Any CPU.ActiveCfg = Release|Any CPU
		{EFB78A5E-9D11-4ECA-83C1-DD9D595F4472}.Release|Any CPU.Build.0 = Release|Any CPU
		{873970F3-D425-4074-816E-3E5F09F6E4D8}.Debug|Any CPU.ActiveCfg = Debug|Any CPU
		{873970F3-D425-4074-816E-3E5F09F6E4D8}.Debug|Any CPU.Build.0 = Debug|Any CPU
		{873970F3-D425-4074-816E-3E5F09F6E4D8}.Release|Any CPU.ActiveCfg = Release|Any CPU
		{873970F3-D425-4074-816E-3E5F09F6E4D8}.Release|Any CPU.Build.0 = Release|Any CPU
		{07295066-75E2-4E4D-9A57-7616903738B3}.Debug|Any CPU.ActiveCfg = Debug|Any CPU
		{07295066-75E2-4E4D-9A57-7616903738B3}.Debug|Any CPU.Build.0 = Debug|Any CPU
		{07295066-75E2-4E4D-9A57-7616903738B3}.Release|Any CPU.ActiveCfg = Release|Any CPU
		{07295066-75E2-4E4D-9A57-7616903738B3}.Release|Any CPU.Build.0 = Release|Any CPU
		{D6773D7A-83AA-4671-B3A6-2DB37DB7AE08}.Debug|Any CPU.ActiveCfg = Debug|Any CPU
		{D6773D7A-83AA-4671-B3A6-2DB37DB7AE08}.Debug|Any CPU.Build.0 = Debug|Any CPU
		{D6773D7A-83AA-4671-B3A6-2DB37DB7AE08}.Release|Any CPU.ActiveCfg = Release|Any CPU
		{D6773D7A-83AA-4671-B3A6-2DB37DB7AE08}.Release|Any CPU.Build.0 = Release|Any CPU
	EndGlobalSection
	GlobalSection(SolutionProperties) = preSolution
		HideSolutionNode = FALSE
	EndGlobalSection
	GlobalSection(ExtensibilityGlobals) = postSolution
		SolutionGuid = {AE9E40AB-2D8A-4BD3-A245-5105E8F2C15E}
	EndGlobalSection
EndGlobal
